
Microsoft Visual Studio Solution File, Format Version 10.00
# Visual Studio 2008
Project("{8BC9CEB8-8B4A-11D0-8D11-00A0C91BC942}") = "win_http", "win_http\win_http.vcproj", "{D7E709F9-198B-4105-9785-7EDB32E189AA}"
EndProject
Project("{8BC9CEB8-8B4A-11D0-8D11-00A0C91BC942}") = "win_http_test", "win_http_test\win_http_test.vcproj", "{EC88B100-D61C-4EB0-94F7-1DB3E4C51F99}"
	ProjectSection(ProjectDependencies) = postProject
		{D7E709F9-198B-4105-9785-7EDB32E189AA} = {D7E709F9-198B-4105-9785-7EDB32E189AA}
	EndProjectSection
EndProject
Global
	GlobalSection(SolutionConfigurationPlatforms) = preSolution
		Debug|Win32 = Debug|Win32
		Release|Win32 = Release|Win32
	EndGlobalSection
	GlobalSection(ProjectConfigurationPlatforms) = postSolution
		{D7E709F9-198B-4105-9785-7EDB32E189AA}.Debug|Win32.ActiveCfg = Debug|Win32
		{D7E709F9-198B-4105-9785-7EDB32E189AA}.Debug|Win32.Build.0 = Debug|Win32
		{D7E709F9-198B-4105-9785-7EDB32E189AA}.Release|Win32.ActiveCfg = Release|Win32
		{D7E709F9-198B-4105-9785-7EDB32E189AA}.Release|Win32.Build.0 = Release|Win32
		{EC88B100-D61C-4EB0-94F7-1DB3E4C51F99}.Debug|Win32.ActiveCfg = Debug|Win32
		{EC88B100-D61C-4EB0-94F7-1DB3E4C51F99}.Debug|Win32.Build.0 = Debug|Win32
		{EC88B100-D61C-4EB0-94F7-1DB3E4C51F99}.Release|Win32.ActiveCfg = Release|Win32
		{EC88B100-D61C-4EB0-94F7-1DB3E4C51F99}.Release|Win32.Build.0 = Release|Win32
	EndGlobalSection
	GlobalSection(SolutionProperties) = preSolution
		HideSolutionNode = FALSE
	EndGlobalSection
EndGlobal
